// !$*UTF8*$!
{
	archiveVersion = 1;
	classes = {
	};
	objectVersion = 51;
	objects = {

/* Begin PBXBuildFile section */
		01CC94DC631841E2D8C84648 /* Pods_Parstagram_ParstagramUITests.framework in Frameworks */ = {isa = PBXBuildFile; fileRef = 63B4321CC882C1A1038B52D8 /* Pods_Parstagram_ParstagramUITests.framework */; };
		2592282F253B6F4E000E8CEB /* AppDelegate.swift in Sources */ = {isa = PBXBuildFile; fileRef = 2592282E253B6F4E000E8CEB /* AppDelegate.swift */; };
		25922831253B6F4E000E8CEB /* SceneDelegate.swift in Sources */ = {isa = PBXBuildFile; fileRef = 25922830253B6F4E000E8CEB /* SceneDelegate.swift */; };
		25922836253B6F4E000E8CEB /* Main.storyboard in Resources */ = {isa = PBXBuildFile; fileRef = 25922834253B6F4E000E8CEB /* Main.storyboard */; };
		25922838253B6F4F000E8CEB /* Assets.xcassets in Resources */ = {isa = PBXBuildFile; fileRef = 25922837253B6F4F000E8CEB /* Assets.xcassets */; };
		2592283B253B6F4F000E8CEB /* LaunchScreen.storyboard in Resources */ = {isa = PBXBuildFile; fileRef = 25922839253B6F4F000E8CEB /* LaunchScreen.storyboard */; };
		25922846253B6F4F000E8CEB /* ParstagramTests.swift in Sources */ = {isa = PBXBuildFile; fileRef = 25922845253B6F4F000E8CEB /* ParstagramTests.swift */; };
		25922851253B6F4F000E8CEB /* ParstagramUITests.swift in Sources */ = {isa = PBXBuildFile; fileRef = 25922850253B6F4F000E8CEB /* ParstagramUITests.swift */; };
		25A00886253CFF9900EB9E15 /* LoginViewController.swift in Sources */ = {isa = PBXBuildFile; fileRef = 25A00885253CFF9900EB9E15 /* LoginViewController.swift */; };
		25A0088B253CFFAD00EB9E15 /* FeedViewController.swift in Sources */ = {isa = PBXBuildFile; fileRef = 25A0088A253CFFAD00EB9E15 /* FeedViewController.swift */; };
		963FB31F139C97520AEA2E1E /* Pods_ParstagramTests.framework in Frameworks */ = {isa = PBXBuildFile; fileRef = 25C49C6AFE2864F25075EA27 /* Pods_ParstagramTests.framework */; };
		E1D6E6734582B47C224A50E0 /* Pods_Parstagram.framework in Frameworks */ = {isa = PBXBuildFile; fileRef = 3BC91EF6075E2A10C54939AA /* Pods_Parstagram.framework */; };
/* End PBXBuildFile section */

/* Begin PBXContainerItemProxy section */
		25922842253B6F4F000E8CEB /* PBXContainerItemProxy */ = {
			isa = PBXContainerItemProxy;
			containerPortal = 25922823253B6F4E000E8CEB /* Project object */;
			proxyType = 1;
			remoteGlobalIDString = 2592282A253B6F4E000E8CEB;
			remoteInfo = Parstagram;
		};
		2592284D253B6F4F000E8CEB /* PBXContainerItemProxy */ = {
			isa = PBXContainerItemProxy;
			containerPortal = 25922823253B6F4E000E8CEB /* Project object */;
			proxyType = 1;
			remoteGlobalIDString = 2592282A253B6F4E000E8CEB;
			remoteInfo = Parstagram;
		};
/* End PBXContainerItemProxy section */

/* Begin PBXFileReference section */
		126B811F06C0B423D3E6C91E /* Pods-Parstagram-ParstagramUITests.release.xcconfig */ = {isa = PBXFileReference; includeInIndex = 1; lastKnownFileType = text.xcconfig; name = "Pods-Parstagram-ParstagramUITests.release.xcconfig"; path = "Target Support Files/Pods-Parstagram-ParstagramUITests/Pods-Parstagram-ParstagramUITests.release.xcconfig"; sourceTree = "<group>"; };
		2592282B253B6F4E000E8CEB /* Parstagram.app */ = {isa = PBXFileReference; explicitFileType = wrapper.application; includeInIndex = 0; path = Parstagram.app; sourceTree = BUILT_PRODUCTS_DIR; };
		2592282E253B6F4E000E8CEB /* AppDelegate.swift */ = {isa = PBXFileReference; lastKnownFileType = sourcecode.swift; path = AppDelegate.swift; sourceTree = "<group>"; };
		25922830253B6F4E000E8CEB /* SceneDelegate.swift */ = {isa = PBXFileReference; lastKnownFileType = sourcecode.swift; path = SceneDelegate.swift; sourceTree = "<group>"; };
		25922835253B6F4E000E8CEB /* Base */ = {isa = PBXFileReference; lastKnownFileType = file.storyboard; name = Base; path = Base.lproj/Main.storyboard; sourceTree = "<group>"; };
		25922837253B6F4F000E8CEB /* Assets.xcassets */ = {isa = PBXFileReference; lastKnownFileType = folder.assetcatalog; path = Assets.xcassets; sourceTree = "<group>"; };
		2592283A253B6F4F000E8CEB /* Base */ = {isa = PBXFileReference; lastKnownFileType = file.storyboard; name = Base; path = Base.lproj/LaunchScreen.storyboard; sourceTree = "<group>"; };
		2592283C253B6F4F000E8CEB /* Info.plist */ = {isa = PBXFileReference; lastKnownFileType = text.plist.xml; path = Info.plist; sourceTree = "<group>"; };
		25922841253B6F4F000E8CEB /* ParstagramTests.xctest */ = {isa = PBXFileReference; explicitFileType = wrapper.cfbundle; includeInIndex = 0; path = ParstagramTests.xctest; sourceTree = BUILT_PRODUCTS_DIR; };
		25922845253B6F4F000E8CEB /* ParstagramTests.swift */ = {isa = PBXFileReference; lastKnownFileType = sourcecode.swift; path = ParstagramTests.swift; sourceTree = "<group>"; };
		25922847253B6F4F000E8CEB /* Info.plist */ = {isa = PBXFileReference; lastKnownFileType = text.plist.xml; path = Info.plist; sourceTree = "<group>"; };
		2592284C253B6F4F000E8CEB /* ParstagramUITests.xctest */ = {isa = PBXFileReference; explicitFileType = wrapper.cfbundle; includeInIndex = 0; path = ParstagramUITests.xctest; sourceTree = BUILT_PRODUCTS_DIR; };
		25922850253B6F4F000E8CEB /* ParstagramUITests.swift */ = {isa = PBXFileReference; lastKnownFileType = sourcecode.swift; path = ParstagramUITests.swift; sourceTree = "<group>"; };
		25922852253B6F4F000E8CEB /* Info.plist */ = {isa = PBXFileReference; lastKnownFileType = text.plist.xml; path = Info.plist; sourceTree = "<group>"; };
		25A00885253CFF9900EB9E15 /* LoginViewController.swift */ = {isa = PBXFileReference; lastKnownFileType = sourcecode.swift; path = LoginViewController.swift; sourceTree = "<group>"; };
		25A0088A253CFFAD00EB9E15 /* FeedViewController.swift */ = {isa = PBXFileReference; lastKnownFileType = sourcecode.swift; path = FeedViewController.swift; sourceTree = "<group>"; };
		25C49C6AFE2864F25075EA27 /* Pods_ParstagramTests.framework */ = {isa = PBXFileReference; explicitFileType = wrapper.framework; includeInIndex = 0; path = Pods_ParstagramTests.framework; sourceTree = BUILT_PRODUCTS_DIR; };
		3BC91EF6075E2A10C54939AA /* Pods_Parstagram.framework */ = {isa = PBXFileReference; explicitFileType = wrapper.framework; includeInIndex = 0; path = Pods_Parstagram.framework; sourceTree = BUILT_PRODUCTS_DIR; };
		59BBEE5B5DD2612DB2BFD335 /* Pods-Parstagram-ParstagramUITests.debug.xcconfig */ = {isa = PBXFileReference; includeInIndex = 1; lastKnownFileType = text.xcconfig; name = "Pods-Parstagram-ParstagramUITests.debug.xcconfig"; path = "Target Support Files/Pods-Parstagram-ParstagramUITests/Pods-Parstagram-ParstagramUITests.debug.xcconfig"; sourceTree = "<group>"; };
		63B4321CC882C1A1038B52D8 /* Pods_Parstagram_ParstagramUITests.framework */ = {isa = PBXFileReference; explicitFileType = wrapper.framework; includeInIndex = 0; path = Pods_Parstagram_ParstagramUITests.framework; sourceTree = BUILT_PRODUCTS_DIR; };
		66912FD6373994CFF8C48135 /* Pods-Parstagram.debug.xcconfig */ = {isa = PBXFileReference; includeInIndex = 1; lastKnownFileType = text.xcconfig; name = "Pods-Parstagram.debug.xcconfig"; path = "Target Support Files/Pods-Parstagram/Pods-Parstagram.debug.xcconfig"; sourceTree = "<group>"; };
		71BF484F3E53C30FA15ACDE3 /* Pods-ParstagramTests.debug.xcconfig */ = {isa = PBXFileReference; includeInIndex = 1; lastKnownFileType = text.xcconfig; name = "Pods-ParstagramTests.debug.xcconfig"; path = "Target Support Files/Pods-ParstagramTests/Pods-ParstagramTests.debug.xcconfig"; sourceTree = "<group>"; };
		7679613390C7E38C3D2E2B5E /* Pods-ParstagramTests.release.xcconfig */ = {isa = PBXFileReference; includeInIndex = 1; lastKnownFileType = text.xcconfig; name = "Pods-ParstagramTests.release.xcconfig"; path = "Target Support Files/Pods-ParstagramTests/Pods-ParstagramTests.release.xcconfig"; sourceTree = "<group>"; };
		A4F4AA72BC35396B1BDF4A96 /* Pods-Parstagram.release.xcconfig */ = {isa = PBXFileReference; includeInIndex = 1; lastKnownFileType = text.xcconfig; name = "Pods-Parstagram.release.xcconfig"; path = "Target Support Files/Pods-Parstagram/Pods-Parstagram.release.xcconfig"; sourceTree = "<group>"; };
/* End PBXFileReference section */

/* Begin PBXFrameworksBuildPhase section */
		25922828253B6F4E000E8CEB /* Frameworks */ = {
			isa = PBXFrameworksBuildPhase;
			buildActionMask = 2147483647;
			files = (
				E1D6E6734582B47C224A50E0 /* Pods_Parstagram.framework in Frameworks */,
			);
			runOnlyForDeploymentPostprocessing = 0;
		};
		2592283E253B6F4F000E8CEB /* Frameworks */ = {
			isa = PBXFrameworksBuildPhase;
			buildActionMask = 2147483647;
			files = (
				963FB31F139C97520AEA2E1E /* Pods_ParstagramTests.framework in Frameworks */,
			);
			runOnlyForDeploymentPostprocessing = 0;
		};
		25922849253B6F4F000E8CEB /* Frameworks */ = {
			isa = PBXFrameworksBuildPhase;
			buildActionMask = 2147483647;
			files = (
				01CC94DC631841E2D8C84648 /* Pods_Parstagram_ParstagramUITests.framework in Frameworks */,
			);
			runOnlyForDeploymentPostprocessing = 0;
		};
/* End PBXFrameworksBuildPhase section */

/* Begin PBXGroup section */
		25922822253B6F4E000E8CEB = {
			isa = PBXGroup;
			children = (
				2592282D253B6F4E000E8CEB /* Parstagram */,
				25922844253B6F4F000E8CEB /* ParstagramTests */,
				2592284F253B6F4F000E8CEB /* ParstagramUITests */,
				2592282C253B6F4E000E8CEB /* Products */,
				B516761D2778EB1F119A393F /* Pods */,
				D0A65A88442CB9E16B6D8D0A /* Frameworks */,
			);
			sourceTree = "<group>";
		};
		2592282C253B6F4E000E8CEB /* Products */ = {
			isa = PBXGroup;
			children = (
				2592282B253B6F4E000E8CEB /* Parstagram.app */,
				25922841253B6F4F000E8CEB /* ParstagramTests.xctest */,
				2592284C253B6F4F000E8CEB /* ParstagramUITests.xctest */,
			);
			name = Products;
			sourceTree = "<group>";
		};
		2592282D253B6F4E000E8CEB /* Parstagram */ = {
			isa = PBXGroup;
			children = (
				2592282E253B6F4E000E8CEB /* AppDelegate.swift */,
				25922830253B6F4E000E8CEB /* SceneDelegate.swift */,
				25922834253B6F4E000E8CEB /* Main.storyboard */,
				25A00885253CFF9900EB9E15 /* LoginViewController.swift */,
				25A0088A253CFFAD00EB9E15 /* FeedViewController.swift */,
				25922837253B6F4F000E8CEB /* Assets.xcassets */,
				25922839253B6F4F000E8CEB /* LaunchScreen.storyboard */,
				2592283C253B6F4F000E8CEB /* Info.plist */,
			);
			path = Parstagram;
			sourceTree = "<group>";
		};
		25922844253B6F4F000E8CEB /* ParstagramTests */ = {
			isa = PBXGroup;
			children = (
				25922845253B6F4F000E8CEB /* ParstagramTests.swift */,
				25922847253B6F4F000E8CEB /* Info.plist */,
			);
			path = ParstagramTests;
			sourceTree = "<group>";
		};
		2592284F253B6F4F000E8CEB /* ParstagramUITests */ = {
			isa = PBXGroup;
			children = (
				25922850253B6F4F000E8CEB /* ParstagramUITests.swift */,
				25922852253B6F4F000E8CEB /* Info.plist */,
			);
			path = ParstagramUITests;
			sourceTree = "<group>";
		};
		B516761D2778EB1F119A393F /* Pods */ = {
			isa = PBXGroup;
			children = (
				66912FD6373994CFF8C48135 /* Pods-Parstagram.debug.xcconfig */,
				A4F4AA72BC35396B1BDF4A96 /* Pods-Parstagram.release.xcconfig */,
				59BBEE5B5DD2612DB2BFD335 /* Pods-Parstagram-ParstagramUITests.debug.xcconfig */,
				126B811F06C0B423D3E6C91E /* Pods-Parstagram-ParstagramUITests.release.xcconfig */,
				71BF484F3E53C30FA15ACDE3 /* Pods-ParstagramTests.debug.xcconfig */,
				7679613390C7E38C3D2E2B5E /* Pods-ParstagramTests.release.xcconfig */,
			);
			path = Pods;
			sourceTree = "<group>";
		};
		D0A65A88442CB9E16B6D8D0A /* Frameworks */ = {
			isa = PBXGroup;
			children = (
				3BC91EF6075E2A10C54939AA /* Pods_Parstagram.framework */,
				63B4321CC882C1A1038B52D8 /* Pods_Parstagram_ParstagramUITests.framework */,
				25C49C6AFE2864F25075EA27 /* Pods_ParstagramTests.framework */,
			);
			name = Frameworks;
			sourceTree = "<group>";
		};
/* End PBXGroup section */

/* Begin PBXNativeTarget section */
		2592282A253B6F4E000E8CEB /* Parstagram */ = {
			isa = PBXNativeTarget;
			buildConfigurationList = 25922855253B6F4F000E8CEB /* Build configuration list for PBXNativeTarget "Parstagram" */;
			buildPhases = (
				292767D41107C708788BBF00 /* [CP] Check Pods Manifest.lock */,
				25922827253B6F4E000E8CEB /* Sources */,
				25922828253B6F4E000E8CEB /* Frameworks */,
				25922829253B6F4E000E8CEB /* Resources */,
				DD5DDBFFE45C95D31A7F31E0 /* [CP] Embed Pods Frameworks */,
			);
			buildRules = (
			);
			dependencies = (
			);
			name = Parstagram;
			productName = Parstagram;
			productReference = 2592282B253B6F4E000E8CEB /* Parstagram.app */;
			productType = "com.apple.product-type.application";
		};
		25922840253B6F4F000E8CEB /* ParstagramTests */ = {
			isa = PBXNativeTarget;
			buildConfigurationList = 25922858253B6F4F000E8CEB /* Build configuration list for PBXNativeTarget "ParstagramTests" */;
			buildPhases = (
				063A2FBAD01C897E77080F5C /* [CP] Check Pods Manifest.lock */,
				2592283D253B6F4F000E8CEB /* Sources */,
				2592283E253B6F4F000E8CEB /* Frameworks */,
				2592283F253B6F4F000E8CEB /* Resources */,
			);
			buildRules = (
			);
			dependencies = (
				25922843253B6F4F000E8CEB /* PBXTargetDependency */,
			);
			name = ParstagramTests;
			productName = ParstagramTests;
			productReference = 25922841253B6F4F000E8CEB /* ParstagramTests.xctest */;
			productType = "com.apple.product-type.bundle.unit-test";
		};
		2592284B253B6F4F000E8CEB /* ParstagramUITests */ = {
			isa = PBXNativeTarget;
			buildConfigurationList = 2592285B253B6F4F000E8CEB /* Build configuration list for PBXNativeTarget "ParstagramUITests" */;
			buildPhases = (
				2BEDF6806ABC44A8CA4CFF43 /* [CP] Check Pods Manifest.lock */,
				25922848253B6F4F000E8CEB /* Sources */,
				25922849253B6F4F000E8CEB /* Frameworks */,
				2592284A253B6F4F000E8CEB /* Resources */,
				AE472A9F4B1B59FBAEE39154 /* [CP] Embed Pods Frameworks */,
			);
			buildRules = (
			);
			dependencies = (
				2592284E253B6F4F000E8CEB /* PBXTargetDependency */,
			);
			name = ParstagramUITests;
			productName = ParstagramUITests;
			productReference = 2592284C253B6F4F000E8CEB /* ParstagramUITests.xctest */;
			productType = "com.apple.product-type.bundle.ui-testing";
		};
/* End PBXNativeTarget section */

/* Begin PBXProject section */
		25922823253B6F4E000E8CEB /* Project object */ = {
			isa = PBXProject;
			attributes = {
				LastSwiftUpdateCheck = 1200;
				LastUpgradeCheck = 1200;
				TargetAttributes = {
					2592282A253B6F4E000E8CEB = {
						CreatedOnToolsVersion = 12.0;
					};
					25922840253B6F4F000E8CEB = {
						CreatedOnToolsVersion = 12.0;
						TestTargetID = 2592282A253B6F4E000E8CEB;
					};
					2592284B253B6F4F000E8CEB = {
						CreatedOnToolsVersion = 12.0;
						TestTargetID = 2592282A253B6F4E000E8CEB;
					};
				};
			};
			buildConfigurationList = 25922826253B6F4E000E8CEB /* Build configuration list for PBXProject "Parstagram" */;
			compatibilityVersion = "Xcode 9.3";
			developmentRegion = en;
			hasScannedForEncodings = 0;
			knownRegions = (
				en,
				Base,
			);
			mainGroup = 25922822253B6F4E000E8CEB;
			productRefGroup = 2592282C253B6F4E000E8CEB /* Products */;
			projectDirPath = "";
			projectRoot = "";
			targets = (
				2592282A253B6F4E000E8CEB /* Parstagram */,
				25922840253B6F4F000E8CEB /* ParstagramTests */,
				2592284B253B6F4F000E8CEB /* ParstagramUITests */,
			);
		};
/* End PBXProject section */

/* Begin PBXResourcesBuildPhase section */
		25922829253B6F4E000E8CEB /* Resources */ = {
			isa = PBXResourcesBuildPhase;
			buildActionMask = 2147483647;
			files = (
				2592283B253B6F4F000E8CEB /* LaunchScreen.storyboard in Resources */,
				25922838253B6F4F000E8CEB /* Assets.xcassets in Resources */,
				25922836253B6F4E000E8CEB /* Main.storyboard in Resources */,
			);
			runOnlyForDeploymentPostprocessing = 0;
		};
		2592283F253B6F4F000E8CEB /* Resources */ = {
			isa = PBXResourcesBuildPhase;
			buildActionMask = 2147483647;
			files = (
			);
			runOnlyForDeploymentPostprocessing = 0;
		};
		2592284A253B6F4F000E8CEB /* Resources */ = {
			isa = PBXResourcesBuildPhase;
			buildActionMask = 2147483647;
			files = (
			);
			runOnlyForDeploymentPostprocessing = 0;
		};
/* End PBXResourcesBuildPhase section */

/* Begin PBXShellScriptBuildPhase section */
		063A2FBAD01C897E77080F5C /* [CP] Check Pods Manifest.lock */ = {
			isa = PBXShellScriptBuildPhase;
			buildActionMask = 2147483647;
			files = (
			);
			inputFileListPaths = (
			);
			inputPaths = (
				"${PODS_PODFILE_DIR_PATH}/Podfile.lock",
				"${PODS_ROOT}/Manifest.lock",
			);
			name = "[CP] Check Pods Manifest.lock";
			outputFileListPaths = (
			);
			outputPaths = (
				"$(DERIVED_FILE_DIR)/Pods-ParstagramTests-checkManifestLockResult.txt",
			);
			runOnlyForDeploymentPostprocessing = 0;
			shellPath = /bin/sh;
			shellScript = "diff \"${PODS_PODFILE_DIR_PATH}/Podfile.lock\" \"${PODS_ROOT}/Manifest.lock\" > /dev/null\nif [ $? != 0 ] ; then\n    # print error to STDERR\n    echo \"error: The sandbox is not in sync with the Podfile.lock. Run 'pod install' or update your CocoaPods installation.\" >&2\n    exit 1\nfi\n# This output is used by Xcode 'outputs' to avoid re-running this script phase.\necho \"SUCCESS\" > \"${SCRIPT_OUTPUT_FILE_0}\"\n";
			showEnvVarsInLog = 0;
		};
		292767D41107C708788BBF00 /* [CP] Check Pods Manifest.lock */ = {
			isa = PBXShellScriptBuildPhase;
			buildActionMask = 2147483647;
			files = (
			);
			inputFileListPaths = (
			);
			inputPaths = (
				"${PODS_PODFILE_DIR_PATH}/Podfile.lock",
				"${PODS_ROOT}/Manifest.lock",
			);
			name = "[CP] Check Pods Manifest.lock";
			outputFileListPaths = (
			);
			outputPaths = (
				"$(DERIVED_FILE_DIR)/Pods-Parstagram-checkManifestLockResult.txt",
			);
			runOnlyForDeploymentPostprocessing = 0;
			shellPath = /bin/sh;
			shellScript = "diff \"${PODS_PODFILE_DIR_PATH}/Podfile.lock\" \"${PODS_ROOT}/Manifest.lock\" > /dev/null\nif [ $? != 0 ] ; then\n    # print error to STDERR\n    echo \"error: The sandbox is not in sync with the Podfile.lock. Run 'pod install' or update your CocoaPods installation.\" >&2\n    exit 1\nfi\n# This output is used by Xcode 'outputs' to avoid re-running this script phase.\necho \"SUCCESS\" > \"${SCRIPT_OUTPUT_FILE_0}\"\n";
			showEnvVarsInLog = 0;
		};
		2BEDF6806ABC44A8CA4CFF43 /* [CP] Check Pods Manifest.lock */ = {
			isa = PBXShellScriptBuildPhase;
			buildActionMask = 2147483647;
			files = (
			);
			inputFileListPaths = (
			);
			inputPaths = (
				"${PODS_PODFILE_DIR_PATH}/Podfile.lock",
				"${PODS_ROOT}/Manifest.lock",
			);
			name = "[CP] Check Pods Manifest.lock";
			outputFileListPaths = (
			);
			outputPaths = (
				"$(DERIVED_FILE_DIR)/Pods-Parstagram-ParstagramUITests-checkManifestLockResult.txt",
			);
			runOnlyForDeploymentPostprocessing = 0;
			shellPath = /bin/sh;
			shellScript = "diff \"${PODS_PODFILE_DIR_PATH}/Podfile.lock\" \"${PODS_ROOT}/Manifest.lock\" > /dev/null\nif [ $? != 0 ] ; then\n    # print error to STDERR\n    echo \"error: The sandbox is not in sync with the Podfile.lock. Run 'pod install' or update your CocoaPods installation.\" >&2\n    exit 1\nfi\n# This output is used by Xcode 'outputs' to avoid re-running this script phase.\necho \"SUCCESS\" > \"${SCRIPT_OUTPUT_FILE_0}\"\n";
			showEnvVarsInLog = 0;
		};
		AE472A9F4B1B59FBAEE39154 /* [CP] Embed Pods Frameworks */ = {
			isa = PBXShellScriptBuildPhase;
			buildActionMask = 2147483647;
			files = (
			);
			inputFileListPaths = (
				"${PODS_ROOT}/Target Support Files/Pods-Parstagram-ParstagramUITests/Pods-Parstagram-ParstagramUITests-frameworks-${CONFIGURATION}-input-files.xcfilelist",
			);
			name = "[CP] Embed Pods Frameworks";
			outputFileListPaths = (
				"${PODS_ROOT}/Target Support Files/Pods-Parstagram-ParstagramUITests/Pods-Parstagram-ParstagramUITests-frameworks-${CONFIGURATION}-output-files.xcfilelist",
			);
			runOnlyForDeploymentPostprocessing = 0;
			shellPath = /bin/sh;
			shellScript = "\"${PODS_ROOT}/Target Support Files/Pods-Parstagram-ParstagramUITests/Pods-Parstagram-ParstagramUITests-frameworks.sh\"\n";
			showEnvVarsInLog = 0;
		};
		DD5DDBFFE45C95D31A7F31E0 /* [CP] Embed Pods Frameworks */ = {
			isa = PBXShellScriptBuildPhase;
			buildActionMask = 2147483647;
			files = (
			);
			inputFileListPaths = (
				"${PODS_ROOT}/Target Support Files/Pods-Parstagram/Pods-Parstagram-frameworks-${CONFIGURATION}-input-files.xcfilelist",
			);
			name = "[CP] Embed Pods Frameworks";
			outputFileListPaths = (
				"${PODS_ROOT}/Target Support Files/Pods-Parstagram/Pods-Parstagram-frameworks-${CONFIGURATION}-output-files.xcfilelist",
			);
			runOnlyForDeploymentPostprocessing = 0;
			shellPath = /bin/sh;
			shellScript = "\"${PODS_ROOT}/Target Support Files/Pods-Parstagram/Pods-Parstagram-frameworks.sh\"\n";
			showEnvVarsInLog = 0;
		};
/* End PBXShellScriptBuildPhase section */

/* Begin PBXSourcesBuildPhase section */
		25922827253B6F4E000E8CEB /* Sources */ = {
			isa = PBXSourcesBuildPhase;
			buildActionMask = 2147483647;
			files = (
				25A00886253CFF9900EB9E15 /* LoginViewController.swift in Sources */,
				2592282F253B6F4E000E8CEB /* AppDelegate.swift in Sources */,
				25A0088B253CFFAD00EB9E15 /* FeedViewController.swift in Sources */,
				25922831253B6F4E000E8CEB /* SceneDelegate.swift in Sources */,
			);
			runOnlyForDeploymentPostprocessing = 0;
		};
		2592283D253B6F4F000E8CEB /* Sources */ = {
			isa = PBXSourcesBuildPhase;
			buildActionMask = 2147483647;
			files = (
				25922846253B6F4F000E8CEB /* ParstagramTests.swift in Sources */,
			);
			runOnlyForDeploymentPostprocessing = 0;
		};
		25922848253B6F4F000E8CEB /* Sources */ = {
			isa = PBXSourcesBuildPhase;
			buildActionMask = 2147483647;
			files = (
				25922851253B6F4F000E8CEB /* ParstagramUITests.swift in Sources */,
			);
			runOnlyForDeploymentPostprocessing = 0;
		};
/* End PBXSourcesBuildPhase section */

/* Begin PBXTargetDependency section */
		25922843253B6F4F000E8CEB /* PBXTargetDependency */ = {
			isa = PBXTargetDependency;
			target = 2592282A253B6F4E000E8CEB /* Parstagram */;
			targetProxy = 25922842253B6F4F000E8CEB /* PBXContainerItemProxy */;
		};
		2592284E253B6F4F000E8CEB /* PBXTargetDependency */ = {
			isa = PBXTargetDependency;
			target = 2592282A253B6F4E000E8CEB /* Parstagram */;
			targetProxy = 2592284D253B6F4F000E8CEB /* PBXContainerItemProxy */;
		};
/* End PBXTargetDependency section */

/* Begin PBXVariantGroup section */
		25922834253B6F4E000E8CEB /* Main.storyboard */ = {
			isa = PBXVariantGroup;
			children = (
				25922835253B6F4E000E8CEB /* Base */,
			);
			name = Main.storyboard;
			sourceTree = "<group>";
		};
		25922839253B6F4F000E8CEB /* LaunchScreen.storyboard */ = {
			isa = PBXVariantGroup;
			children = (
				2592283A253B6F4F000E8CEB /* Base */,
			);
			name = LaunchScreen.storyboard;
			sourceTree = "<group>";
		};
/* End PBXVariantGroup section */

/* Begin XCBuildConfiguration section */
		25922853253B6F4F000E8CEB /* Debug */ = {
			isa = XCBuildConfiguration;
			buildSettings = {
				ALWAYS_SEARCH_USER_PATHS = NO;
				CLANG_ANALYZER_NONNULL = YES;
				CLANG_ANALYZER_NUMBER_OBJECT_CONVERSION = YES_AGGRESSIVE;
				CLANG_CXX_LANGUAGE_STANDARD = "gnu++14";
				CLANG_CXX_LIBRARY = "libc++";
				CLANG_ENABLE_MODULES = YES;
				CLANG_ENABLE_OBJC_ARC = YES;
				CLANG_ENABLE_OBJC_WEAK = YES;
				CLANG_WARN_BLOCK_CAPTURE_AUTORELEASING = YES;
				CLANG_WARN_BOOL_CONVERSION = YES;
				CLANG_WARN_COMMA = YES;
				CLANG_WARN_CONSTANT_CONVERSION = YES;
				CLANG_WARN_DEPRECATED_OBJC_IMPLEMENTATIONS = YES;
				CLANG_WARN_DIRECT_OBJC_ISA_USAGE = YES_ERROR;
				CLANG_WARN_DOCUMENTATION_COMMENTS = YES;
				CLANG_WARN_EMPTY_BODY = YES;
				CLANG_WARN_ENUM_CONVERSION = YES;
				CLANG_WARN_INFINITE_RECURSION = YES;
				CLANG_WARN_INT_CONVERSION = YES;
				CLANG_WARN_NON_LITERAL_NULL_CONVERSION = YES;
				CLANG_WARN_OBJC_IMPLICIT_RETAIN_SELF = YES;
				CLANG_WARN_OBJC_LITERAL_CONVERSION = YES;
				CLANG_WARN_OBJC_ROOT_CLASS = YES_ERROR;
				CLANG_WARN_QUOTED_INCLUDE_IN_FRAMEWORK_HEADER = YES;
				CLANG_WARN_RANGE_LOOP_ANALYSIS = YES;
				CLANG_WARN_STRICT_PROTOTYPES = YES;
				CLANG_WARN_SUSPICIOUS_MOVE = YES;
				CLANG_WARN_UNGUARDED_AVAILABILITY = YES_AGGRESSIVE;
				CLANG_WARN_UNREACHABLE_CODE = YES;
				CLANG_WARN__DUPLICATE_METHOD_MATCH = YES;
				COPY_PHASE_STRIP = NO;
				DEBUG_INFORMATION_FORMAT = dwarf;
				ENABLE_STRICT_OBJC_MSGSEND = YES;
				ENABLE_TESTABILITY = YES;
				GCC_C_LANGUAGE_STANDARD = gnu11;
				GCC_DYNAMIC_NO_PIC = NO;
				GCC_NO_COMMON_BLOCKS = YES;
				GCC_OPTIMIZATION_LEVEL = 0;
				GCC_PREPROCESSOR_DEFINITIONS = (
					"DEBUG=1",
					"$(inherited)",
				);
				GCC_WARN_64_TO_32_BIT_CONVERSION = YES;
				GCC_WARN_ABOUT_RETURN_TYPE = YES_ERROR;
				GCC_WARN_UNDECLARED_SELECTOR = YES;
				GCC_WARN_UNINITIALIZED_AUTOS = YES_AGGRESSIVE;
				GCC_WARN_UNUSED_FUNCTION = YES;
				GCC_WARN_UNUSED_VARIABLE = YES;
				IPHONEOS_DEPLOYMENT_TARGET = 14.0;
				MTL_ENABLE_DEBUG_INFO = INCLUDE_SOURCE;
				MTL_FAST_MATH = YES;
				ONLY_ACTIVE_ARCH = YES;
				SDKROOT = iphoneos;
				SWIFT_ACTIVE_COMPILATION_CONDITIONS = DEBUG;
				SWIFT_OPTIMIZATION_LEVEL = "-Onone";
			};
			name = Debug;
		};
		25922854253B6F4F000E8CEB /* Release */ = {
			isa = XCBuildConfiguration;
			buildSettings = {
				ALWAYS_SEARCH_USER_PATHS = NO;
				CLANG_ANALYZER_NONNULL = YES;
				CLANG_ANALYZER_NUMBER_OBJECT_CONVERSION = YES_AGGRESSIVE;
				CLANG_CXX_LANGUAGE_STANDARD = "gnu++14";
				CLANG_CXX_LIBRARY = "libc++";
				CLANG_ENABLE_MODULES = YES;
				CLANG_ENABLE_OBJC_ARC = YES;
				CLANG_ENABLE_OBJC_WEAK = YES;
				CLANG_WARN_BLOCK_CAPTURE_AUTORELEASING = YES;
				CLANG_WARN_BOOL_CONVERSION = YES;
				CLANG_WARN_COMMA = YES;
				CLANG_WARN_CONSTANT_CONVERSION = YES;
				CLANG_WARN_DEPRECATED_OBJC_IMPLEMENTATIONS = YES;
				CLANG_WARN_DIRECT_OBJC_ISA_USAGE = YES_ERROR;
				CLANG_WARN_DOCUMENTATION_COMMENTS = YES;
				CLANG_WARN_EMPTY_BODY = YES;
				CLANG_WARN_ENUM_CONVERSION = YES;
				CLANG_WARN_INFINITE_RECURSION = YES;
				CLANG_WARN_INT_CONVERSION = YES;
				CLANG_WARN_NON_LITERAL_NULL_CONVERSION = YES;
				CLANG_WARN_OBJC_IMPLICIT_RETAIN_SELF = YES;
				CLANG_WARN_OBJC_LITERAL_CONVERSION = YES;
				CLANG_WARN_OBJC_ROOT_CLASS = YES_ERROR;
				CLANG_WARN_QUOTED_INCLUDE_IN_FRAMEWORK_HEADER = YES;
				CLANG_WARN_RANGE_LOOP_ANALYSIS = YES;
				CLANG_WARN_STRICT_PROTOTYPES = YES;
				CLANG_WARN_SUSPICIOUS_MOVE = YES;
				CLANG_WARN_UNGUARDED_AVAILABILITY = YES_AGGRESSIVE;
				CLANG_WARN_UNREACHABLE_CODE = YES;
				CLANG_WARN__DUPLICATE_METHOD_MATCH = YES;
				COPY_PHASE_STRIP = NO;
				DEBUG_INFORMATION_FORMAT = "dwarf-with-dsym";
				ENABLE_NS_ASSERTIONS = NO;
				ENABLE_STRICT_OBJC_MSGSEND = YES;
				GCC_C_LANGUAGE_STANDARD = gnu11;
				GCC_NO_COMMON_BLOCKS = YES;
				GCC_WARN_64_TO_32_BIT_CONVERSION = YES;
				GCC_WARN_ABOUT_RETURN_TYPE = YES_ERROR;
				GCC_WARN_UNDECLARED_SELECTOR = YES;
				GCC_WARN_UNINITIALIZED_AUTOS = YES_AGGRESSIVE;
				GCC_WARN_UNUSED_FUNCTION = YES;
				GCC_WARN_UNUSED_VARIABLE = YES;
				IPHONEOS_DEPLOYMENT_TARGET = 14.0;
				MTL_ENABLE_DEBUG_INFO = NO;
				MTL_FAST_MATH = YES;
				SDKROOT = iphoneos;
				SWIFT_COMPILATION_MODE = wholemodule;
				SWIFT_OPTIMIZATION_LEVEL = "-O";
				VALIDATE_PRODUCT = YES;
			};
			name = Release;
		};
		25922856253B6F4F000E8CEB /* Debug */ = {
			isa = XCBuildConfiguration;
			baseConfigurationReference = 66912FD6373994CFF8C48135 /* Pods-Parstagram.debug.xcconfig */;
			buildSettings = {
				ASSETCATALOG_COMPILER_APPICON_NAME = AppIcon;
				ASSETCATALOG_COMPILER_GLOBAL_ACCENT_COLOR_NAME = AccentColor;
				CODE_SIGN_STYLE = Automatic;
				DEVELOPMENT_TEAM = 9WC8XVBXJ4;
				INFOPLIST_FILE = Parstagram/Info.plist;
				LD_RUNPATH_SEARCH_PATHS = (
					"$(inherited)",
					"@executable_path/Frameworks",
				);
				PRODUCT_BUNDLE_IDENTIFIER = "Alex-Long.Parstagram";
				PRODUCT_NAME = "$(TARGET_NAME)";
				SWIFT_VERSION = 5.0;
				TARGETED_DEVICE_FAMILY = "1,2";
			};
			name = Debug;
		};
		25922857253B6F4F000E8CEB /* Release */ = {
			isa = XCBuildConfiguration;
			baseConfigurationReference = A4F4AA72BC35396B1BDF4A96 /* Pods-Parstagram.release.xcconfig */;
			buildSettings = {
				ASSETCATALOG_COMPILER_APPICON_NAME = AppIcon;
				ASSETCATALOG_COMPILER_GLOBAL_ACCENT_COLOR_NAME = AccentColor;
				CODE_SIGN_STYLE = Automatic;
				DEVELOPMENT_TEAM = 9WC8XVBXJ4;
				INFOPLIST_FILE = Parstagram/Info.plist;
				LD_RUNPATH_SEARCH_PATHS = (
					"$(inherited)",
					"@executable_path/Frameworks",
				);
				PRODUCT_BUNDLE_IDENTIFIER = "Alex-Long.Parstagram";
				PRODUCT_NAME = "$(TARGET_NAME)";
				SWIFT_VERSION = 5.0;
				TARGETED_DEVICE_FAMILY = "1,2";
			};
			name = Release;
		};
		25922859253B6F4F000E8CEB /* Debug */ = {
			isa = XCBuildConfiguration;
			baseConfigurationReference = 71BF484F3E53C30FA15ACDE3 /* Pods-ParstagramTests.debug.xcconfig */;
			buildSettings = {
				ALWAYS_EMBED_SWIFT_STANDARD_LIBRARIES = YES;
				BUNDLE_LOADER = "$(TEST_HOST)";
				CODE_SIGN_STYLE = Automatic;
				DEVELOPMENT_TEAM = 9WC8XVBXJ4;
				INFOPLIST_FILE = ParstagramTests/Info.plist;
				IPHONEOS_DEPLOYMENT_TARGET = 14.0;
				LD_RUNPATH_SEARCH_PATHS = (
					"$(inherited)",
					"@executable_path/Frameworks",
					"@loader_path/Frameworks",
				);
				PRODUCT_BUNDLE_IDENTIFIER = "Alex-Long.ParstagramTests";
				PRODUCT_NAME = "$(TARGET_NAME)";
				SWIFT_VERSION = 5.0;
				TARGETED_DEVICE_FAMILY = "1,2";
				TEST_HOST = "$(BUILT_PRODUCTS_DIR)/Parstagram.app/Parstagram";
			};
			name = Debug;
		};
		2592285A253B6F4F000E8CEB /* Release */ = {
			isa = XCBuildConfiguration;
			baseConfigurationReference = 7679613390C7E38C3D2E2B5E /* Pods-ParstagramTests.release.xcconfig */;
			buildSettings = {
				ALWAYS_EMBED_SWIFT_STANDARD_LIBRARIES = YES;
				BUNDLE_LOADER = "$(TEST_HOST)";
				CODE_SIGN_STYLE = Automatic;
				DEVELOPMENT_TEAM = 9WC8XVBXJ4;
				INFOPLIST_FILE = ParstagramTests/Info.plist;
				IPHONEOS_DEPLOYMENT_TARGET = 14.0;
				LD_RUNPATH_SEARCH_PATHS = (
					"$(inherited)",
					"@executable_path/Frameworks",
					"@loader_path/Frameworks",
				);
				PRODUCT_BUNDLE_IDENTIFIER = "Alex-Long.ParstagramTests";
				PRODUCT_NAME = "$(TARGET_NAME)";
				SWIFT_VERSION = 5.0;
				TARGETED_DEVICE_FAMILY = "1,2";
				TEST_HOST = "$(BUILT_PRODUCTS_DIR)/Parstagram.app/Parstagram";
			};
			name = Release;
		};
		2592285C253B6F4F000E8CEB /* Debug */ = {
			isa = XCBuildConfiguration;
			baseConfigurationReference = 59BBEE5B5DD2612DB2BFD335 /* Pods-Parstagram-ParstagramUITests.debug.xcconfig */;
			buildSettings = {
				ALWAYS_EMBED_SWIFT_STANDARD_LIBRARIES = YES;
				CODE_SIGN_STYLE = Automatic;
				DEVELOPMENT_TEAM = 9WC8XVBXJ4;
				INFOPLIST_FILE = ParstagramUITests/Info.plist;
				LD_RUNPATH_SEARCH_PATHS = (
					"$(inherited)",
					"@executable_path/Frameworks",
					"@loader_path/Frameworks",
				);
				PRODUCT_BUNDLE_IDENTIFIER = "Alex-Long.ParstagramUITests";
				PRODUCT_NAME = "$(TARGET_NAME)";
				SWIFT_VERSION = 5.0;
				TARGETED_DEVICE_FAMILY = "1,2";
				TEST_TARGET_NAME = Parstagram;
			};
			name = Debug;
		};
		2592285D253B6F4F000E8CEB /* Release */ = {
			isa = XCBuildConfiguration;
			baseConfigurationReference = 126B811F06C0B423D3E6C91E /* Pods-Parstagram-ParstagramUITests.release.xcconfig */;
			buildSettings = {
				ALWAYS_EMBED_SWIFT_STANDARD_LIBRARIES = YES;
				CODE_SIGN_STYLE = Automatic;
				DEVELOPMENT_TEAM = 9WC8XVBXJ4;
				INFOPLIST_FILE = ParstagramUITests/Info.plist;
				LD_RUNPATH_SEARCH_PATHS = (
					"$(inherited)",
					"@executable_path/Frameworks",
					"@loader_path/Frameworks",
				);
				PRODUCT_BUNDLE_IDENTIFIER = "Alex-Long.ParstagramUITests";
				PRODUCT_NAME = "$(TARGET_NAME)";
				SWIFT_VERSION = 5.0;
				TARGETED_DEVICE_FAMILY = "1,2";
				TEST_TARGET_NAME = Parstagram;
			};
			name = Release;
		};
/* End XCBuildConfiguration section */

/* Begin XCConfigurationList section */
		25922826253B6F4E000E8CEB /* Build configuration list for PBXProject "Parstagram" */ = {
			isa = XCConfigurationList;
			buildConfigurations = (
				25922853253B6F4F000E8CEB /* Debug */,
				25922854253B6F4F000E8CEB /* Release */,
			);
			defaultConfigurationIsVisible = 0;
			defaultConfigurationName = Release;
		};
		25922855253B6F4F000E8CEB /* Build configuration list for PBXNativeTarget "Parstagram" */ = {
			isa = XCConfigurationList;
			buildConfigurations = (
				25922856253B6F4F000E8CEB /* Debug */,
				25922857253B6F4F000E8CEB /* Release */,
			);
			defaultConfigurationIsVisible = 0;
			defaultConfigurationName = Release;
		};
		25922858253B6F4F000E8CEB /* Build configuration list for PBXNativeTarget "ParstagramTests" */ = {
			isa = XCConfigurationList;
			buildConfigurations = (
				25922859253B6F4F000E8CEB /* Debug */,
				2592285A253B6F4F000E8CEB /* Release */,
			);
			defaultConfigurationIsVisible = 0;
			defaultConfigurationName = Release;
		};
		2592285B253B6F4F000E8CEB /* Build configuration list for PBXNativeTarget "ParstagramUITests" */ = {
			isa = XCConfigurationList;
			buildConfigurations = (
				2592285C253B6F4F000E8CEB /* Debug */,
				2592285D253B6F4F000E8CEB /* Release */,
			);
			defaultConfigurationIsVisible = 0;
			defaultConfigurationName = Release;
		};
/* End XCConfigurationList section */
	};
	rootObject = 25922823253B6F4E000E8CEB /* Project object */;
}
